// !$*UTF8*$!
{
	archiveVersion = 1;
	classes = {
	};
	objectVersion = 50;
	objects = {

/* Begin PBXBuildFile section */
		0B2FB74029182E3892EF5D23 /* Pods_SmartFarmUITests.framework in Frameworks */ = {isa = PBXBuildFile; fileRef = 3BFCF6824CA4BA6C905FB717 /* Pods_SmartFarmUITests.framework */; };
		26AE000421E78025009ED8CA /* CowsViewController.swift in Sources */ = {isa = PBXBuildFile; fileRef = 26AE000321E78025009ED8CA /* CowsViewController.swift */; };
		26AE000721E7A6B6009ED8CA /* README.md in Resources */ = {isa = PBXBuildFile; fileRef = 26AE000621E7A6B6009ED8CA /* README.md */; };
		26AE000921E7AAA9009ED8CA /* CowsViewPresenter.swift in Sources */ = {isa = PBXBuildFile; fileRef = 26AE000821E7AAA9009ED8CA /* CowsViewPresenter.swift */; };
		26AE000B21E7AAB3009ED8CA /* CowsViewWorker.swift in Sources */ = {isa = PBXBuildFile; fileRef = 26AE000A21E7AAB3009ED8CA /* CowsViewWorker.swift */; };
		26AE000D21E7AABE009ED8CA /* CowsViewInteractor.swift in Sources */ = {isa = PBXBuildFile; fileRef = 26AE000C21E7AABE009ED8CA /* CowsViewInteractor.swift */; };
		26AE000F21E7AAD0009ED8CA /* CowsViewRouter.swift in Sources */ = {isa = PBXBuildFile; fileRef = 26AE000E21E7AAD0009ED8CA /* CowsViewRouter.swift */; };
		26AE001221E7ABEB009ED8CA /* CowsViewConfiguration.swift in Sources */ = {isa = PBXBuildFile; fileRef = 26AE001121E7ABEB009ED8CA /* CowsViewConfiguration.swift */; };
		26AEFFD021E77C9B009ED8CA /* AppDelegate.swift in Sources */ = {isa = PBXBuildFile; fileRef = 26AEFFCF21E77C9B009ED8CA /* AppDelegate.swift */; };
		26AEFFD521E77C9B009ED8CA /* Main.storyboard in Resources */ = {isa = PBXBuildFile; fileRef = 26AEFFD321E77C9B009ED8CA /* Main.storyboard */; };
		26AEFFD721E77C9D009ED8CA /* Assets.xcassets in Resources */ = {isa = PBXBuildFile; fileRef = 26AEFFD621E77C9D009ED8CA /* Assets.xcassets */; };
		26AEFFDA21E77C9D009ED8CA /* LaunchScreen.storyboard in Resources */ = {isa = PBXBuildFile; fileRef = 26AEFFD821E77C9D009ED8CA /* LaunchScreen.storyboard */; };
		26AEFFE521E77C9D009ED8CA /* SmartFarmTests.swift in Sources */ = {isa = PBXBuildFile; fileRef = 26AEFFE421E77C9D009ED8CA /* SmartFarmTests.swift */; };
		26AEFFF021E77C9D009ED8CA /* SmartFarmUITests.swift in Sources */ = {isa = PBXBuildFile; fileRef = 26AEFFEF21E77C9D009ED8CA /* SmartFarmUITests.swift */; };
		50B5B2A2C29F4B59FBD528B8 /* Pods_SmartFarmTests.framework in Frameworks */ = {isa = PBXBuildFile; fileRef = AFA23B32482A51141E09B127 /* Pods_SmartFarmTests.framework */; };
		E8CF601CC81E26457D2D5DA1 /* Pods_SmartFarm.framework in Frameworks */ = {isa = PBXBuildFile; fileRef = FE31C6D90CA96F5DC57C77DB /* Pods_SmartFarm.framework */; };
/* End PBXBuildFile section */

/* Begin PBXContainerItemProxy section */
		26AEFFE121E77C9D009ED8CA /* PBXContainerItemProxy */ = {
			isa = PBXContainerItemProxy;
			containerPortal = 26AEFFC421E77C9B009ED8CA /* Project object */;
			proxyType = 1;
			remoteGlobalIDString = 26AEFFCB21E77C9B009ED8CA;
			remoteInfo = SmartFarm;
		};
		26AEFFEC21E77C9D009ED8CA /* PBXContainerItemProxy */ = {
			isa = PBXContainerItemProxy;
			containerPortal = 26AEFFC421E77C9B009ED8CA /* Project object */;
			proxyType = 1;
			remoteGlobalIDString = 26AEFFCB21E77C9B009ED8CA;
			remoteInfo = SmartFarm;
		};
/* End PBXContainerItemProxy section */

/* Begin PBXFileReference section */
		26AE000321E78025009ED8CA /* CowsViewController.swift */ = {isa = PBXFileReference; lastKnownFileType = sourcecode.swift; path = CowsViewController.swift; sourceTree = "<group>"; };
		26AE000621E7A6B6009ED8CA /* README.md */ = {isa = PBXFileReference; fileEncoding = 4; lastKnownFileType = net.daringfireball.markdown; path = README.md; sourceTree = "<group>"; };
		26AE000821E7AAA9009ED8CA /* CowsViewPresenter.swift */ = {isa = PBXFileReference; lastKnownFileType = sourcecode.swift; path = CowsViewPresenter.swift; sourceTree = "<group>"; };
		26AE000A21E7AAB3009ED8CA /* CowsViewWorker.swift */ = {isa = PBXFileReference; lastKnownFileType = sourcecode.swift; path = CowsViewWorker.swift; sourceTree = "<group>"; };
		26AE000C21E7AABE009ED8CA /* CowsViewInteractor.swift */ = {isa = PBXFileReference; lastKnownFileType = sourcecode.swift; path = CowsViewInteractor.swift; sourceTree = "<group>"; };
		26AE000E21E7AAD0009ED8CA /* CowsViewRouter.swift */ = {isa = PBXFileReference; lastKnownFileType = sourcecode.swift; path = CowsViewRouter.swift; sourceTree = "<group>"; };
		26AE001121E7ABEB009ED8CA /* CowsViewConfiguration.swift */ = {isa = PBXFileReference; lastKnownFileType = sourcecode.swift; path = CowsViewConfiguration.swift; sourceTree = "<group>"; };
		26AEFFCC21E77C9B009ED8CA /* SmartFarm.app */ = {isa = PBXFileReference; explicitFileType = wrapper.application; includeInIndex = 0; path = SmartFarm.app; sourceTree = BUILT_PRODUCTS_DIR; };
		26AEFFCF21E77C9B009ED8CA /* AppDelegate.swift */ = {isa = PBXFileReference; lastKnownFileType = sourcecode.swift; path = AppDelegate.swift; sourceTree = "<group>"; };
		26AEFFD421E77C9B009ED8CA /* Base */ = {isa = PBXFileReference; lastKnownFileType = file.storyboard; name = Base; path = Base.lproj/Main.storyboard; sourceTree = "<group>"; };
		26AEFFD621E77C9D009ED8CA /* Assets.xcassets */ = {isa = PBXFileReference; lastKnownFileType = folder.assetcatalog; path = Assets.xcassets; sourceTree = "<group>"; };
		26AEFFD921E77C9D009ED8CA /* Base */ = {isa = PBXFileReference; lastKnownFileType = file.storyboard; name = Base; path = Base.lproj/LaunchScreen.storyboard; sourceTree = "<group>"; };
		26AEFFDB21E77C9D009ED8CA /* Info.plist */ = {isa = PBXFileReference; lastKnownFileType = text.plist.xml; path = Info.plist; sourceTree = "<group>"; };
		26AEFFE021E77C9D009ED8CA /* SmartFarmTests.xctest */ = {isa = PBXFileReference; explicitFileType = wrapper.cfbundle; includeInIndex = 0; path = SmartFarmTests.xctest; sourceTree = BUILT_PRODUCTS_DIR; };
		26AEFFE421E77C9D009ED8CA /* SmartFarmTests.swift */ = {isa = PBXFileReference; lastKnownFileType = sourcecode.swift; path = SmartFarmTests.swift; sourceTree = "<group>"; };
		26AEFFE621E77C9D009ED8CA /* Info.plist */ = {isa = PBXFileReference; lastKnownFileType = text.plist.xml; path = Info.plist; sourceTree = "<group>"; };
		26AEFFEB21E77C9D009ED8CA /* SmartFarmUITests.xctest */ = {isa = PBXFileReference; explicitFileType = wrapper.cfbundle; includeInIndex = 0; path = SmartFarmUITests.xctest; sourceTree = BUILT_PRODUCTS_DIR; };
		26AEFFEF21E77C9D009ED8CA /* SmartFarmUITests.swift */ = {isa = PBXFileReference; lastKnownFileType = sourcecode.swift; path = SmartFarmUITests.swift; sourceTree = "<group>"; };
		26AEFFF121E77C9D009ED8CA /* Info.plist */ = {isa = PBXFileReference; lastKnownFileType = text.plist.xml; path = Info.plist; sourceTree = "<group>"; };
		308609B5FBE92A29769AD2D4 /* Pods-SmartFarmUITests.debug.xcconfig */ = {isa = PBXFileReference; includeInIndex = 1; lastKnownFileType = text.xcconfig; name = "Pods-SmartFarmUITests.debug.xcconfig"; path = "Pods/Target Support Files/Pods-SmartFarmUITests/Pods-SmartFarmUITests.debug.xcconfig"; sourceTree = "<group>"; };
		3BFCF6824CA4BA6C905FB717 /* Pods_SmartFarmUITests.framework */ = {isa = PBXFileReference; explicitFileType = wrapper.framework; includeInIndex = 0; path = Pods_SmartFarmUITests.framework; sourceTree = BUILT_PRODUCTS_DIR; };
		7CA8715B4B2F3000C2753C56 /* Pods-SmartFarmUITests.release.xcconfig */ = {isa = PBXFileReference; includeInIndex = 1; lastKnownFileType = text.xcconfig; name = "Pods-SmartFarmUITests.release.xcconfig"; path = "Pods/Target Support Files/Pods-SmartFarmUITests/Pods-SmartFarmUITests.release.xcconfig"; sourceTree = "<group>"; };
		7F7238319802500F7B2FA876 /* Pods-SmartFarmTests.debug.xcconfig */ = {isa = PBXFileReference; includeInIndex = 1; lastKnownFileType = text.xcconfig; name = "Pods-SmartFarmTests.debug.xcconfig"; path = "Pods/Target Support Files/Pods-SmartFarmTests/Pods-SmartFarmTests.debug.xcconfig"; sourceTree = "<group>"; };
		AFA23B32482A51141E09B127 /* Pods_SmartFarmTests.framework */ = {isa = PBXFileReference; explicitFileType = wrapper.framework; includeInIndex = 0; path = Pods_SmartFarmTests.framework; sourceTree = BUILT_PRODUCTS_DIR; };
		C1530A6E4FC0A6FB737E4119 /* Pods-SmartFarm.debug.xcconfig */ = {isa = PBXFileReference; includeInIndex = 1; lastKnownFileType = text.xcconfig; name = "Pods-SmartFarm.debug.xcconfig"; path = "Pods/Target Support Files/Pods-SmartFarm/Pods-SmartFarm.debug.xcconfig"; sourceTree = "<group>"; };
		E3F2E5D0FA38C4A563EE8338 /* Pods-SmartFarmTests.release.xcconfig */ = {isa = PBXFileReference; includeInIndex = 1; lastKnownFileType = text.xcconfig; name = "Pods-SmartFarmTests.release.xcconfig"; path = "Pods/Target Support Files/Pods-SmartFarmTests/Pods-SmartFarmTests.release.xcconfig"; sourceTree = "<group>"; };
		F1D930A8C59C0E53203C9C6C /* Pods-SmartFarm.release.xcconfig */ = {isa = PBXFileReference; includeInIndex = 1; lastKnownFileType = text.xcconfig; name = "Pods-SmartFarm.release.xcconfig"; path = "Pods/Target Support Files/Pods-SmartFarm/Pods-SmartFarm.release.xcconfig"; sourceTree = "<group>"; };
		FE31C6D90CA96F5DC57C77DB /* Pods_SmartFarm.framework */ = {isa = PBXFileReference; explicitFileType = wrapper.framework; includeInIndex = 0; path = Pods_SmartFarm.framework; sourceTree = BUILT_PRODUCTS_DIR; };
/* End PBXFileReference section */

/* Begin PBXFrameworksBuildPhase section */
		26AEFFC921E77C9B009ED8CA /* Frameworks */ = {
			isa = PBXFrameworksBuildPhase;
			buildActionMask = 2147483647;
			files = (
				E8CF601CC81E26457D2D5DA1 /* Pods_SmartFarm.framework in Frameworks */,
			);
			runOnlyForDeploymentPostprocessing = 0;
		};
		26AEFFDD21E77C9D009ED8CA /* Frameworks */ = {
			isa = PBXFrameworksBuildPhase;
			buildActionMask = 2147483647;
			files = (
				50B5B2A2C29F4B59FBD528B8 /* Pods_SmartFarmTests.framework in Frameworks */,
			);
			runOnlyForDeploymentPostprocessing = 0;
		};
		26AEFFE821E77C9D009ED8CA /* Frameworks */ = {
			isa = PBXFrameworksBuildPhase;
			buildActionMask = 2147483647;
			files = (
				0B2FB74029182E3892EF5D23 /* Pods_SmartFarmUITests.framework in Frameworks */,
			);
			runOnlyForDeploymentPostprocessing = 0;
		};
/* End PBXFrameworksBuildPhase section */

/* Begin PBXGroup section */
		26AE000021E77F8B009ED8CA /* Internal */ = {
			isa = PBXGroup;
			children = (
				26AEFFCF21E77C9B009ED8CA /* AppDelegate.swift */,
				26AEFFD621E77C9D009ED8CA /* Assets.xcassets */,
				26AEFFDB21E77C9D009ED8CA /* Info.plist */,
			);
			path = Internal;
			sourceTree = "<group>";
		};
		26AE000121E77FA4009ED8CA /* Storyboards */ = {
			isa = PBXGroup;
			children = (
				26AEFFD321E77C9B009ED8CA /* Main.storyboard */,
				26AEFFD821E77C9D009ED8CA /* LaunchScreen.storyboard */,
			);
			path = Storyboards;
			sourceTree = "<group>";
		};
		26AE000221E7800A009ED8CA /* Extensions */ = {
			isa = PBXGroup;
			children = (
			);
			path = Extensions;
			sourceTree = "<group>";
		};
		26AE001021E7ABC8009ED8CA /* CowsScreen */ = {
			isa = PBXGroup;
			children = (
				26AE000321E78025009ED8CA /* CowsViewController.swift */,
				26AE000821E7AAA9009ED8CA /* CowsViewPresenter.swift */,
				26AE000A21E7AAB3009ED8CA /* CowsViewWorker.swift */,
				26AE000C21E7AABE009ED8CA /* CowsViewInteractor.swift */,
				26AE000E21E7AAD0009ED8CA /* CowsViewRouter.swift */,
				26AE001121E7ABEB009ED8CA /* CowsViewConfiguration.swift */,
			);
			path = CowsScreen;
			sourceTree = "<group>";
		};
		26AEFFC321E77C9B009ED8CA = {
			isa = PBXGroup;
			children = (
				26AE000621E7A6B6009ED8CA /* README.md */,
				26AEFFCE21E77C9B009ED8CA /* SmartFarm */,
				26AEFFE321E77C9D009ED8CA /* SmartFarmTests */,
				26AEFFEE21E77C9D009ED8CA /* SmartFarmUITests */,
				26AEFFCD21E77C9B009ED8CA /* Products */,
				BB1E0B6AC3E6E2563D835A09 /* Pods */,
				FC46B7BFAF8CFA0AD1E932DF /* Frameworks */,
			);
			sourceTree = "<group>";
		};
		26AEFFCD21E77C9B009ED8CA /* Products */ = {
			isa = PBXGroup;
			children = (
				26AEFFCC21E77C9B009ED8CA /* SmartFarm.app */,
				26AEFFE021E77C9D009ED8CA /* SmartFarmTests.xctest */,
				26AEFFEB21E77C9D009ED8CA /* SmartFarmUITests.xctest */,
			);
			name = Products;
			sourceTree = "<group>";
		};
		26AEFFCE21E77C9B009ED8CA /* SmartFarm */ = {
			isa = PBXGroup;
			children = (
				26AE000221E7800A009ED8CA /* Extensions */,
				26AEFFFE21E77F7E009ED8CA /* Models */,
				26AEFFFD21E77F70009ED8CA /* Scenes */,
				26AE000121E77FA4009ED8CA /* Storyboards */,
				26AE000021E77F8B009ED8CA /* Internal */,
			);
			path = SmartFarm;
			sourceTree = "<group>";
		};
		26AEFFE321E77C9D009ED8CA /* SmartFarmTests */ = {
			isa = PBXGroup;
			children = (
				26AEFFE421E77C9D009ED8CA /* SmartFarmTests.swift */,
				26AEFFE621E77C9D009ED8CA /* Info.plist */,
			);
			path = SmartFarmTests;
			sourceTree = "<group>";
		};
		26AEFFEE21E77C9D009ED8CA /* SmartFarmUITests */ = {
			isa = PBXGroup;
			children = (
				26AEFFEF21E77C9D009ED8CA /* SmartFarmUITests.swift */,
				26AEFFF121E77C9D009ED8CA /* Info.plist */,
			);
			path = SmartFarmUITests;
			sourceTree = "<group>";
		};
		26AEFFFD21E77F70009ED8CA /* Scenes */ = {
			isa = PBXGroup;
			children = (
				26AE001021E7ABC8009ED8CA /* CowsScreen */,
			);
			path = Scenes;
			sourceTree = "<group>";
		};
		26AEFFFE21E77F7E009ED8CA /* Models */ = {
			isa = PBXGroup;
			children = (
			);
			path = Models;
			sourceTree = "<group>";
		};
		BB1E0B6AC3E6E2563D835A09 /* Pods */ = {
			isa = PBXGroup;
			children = (
				C1530A6E4FC0A6FB737E4119 /* Pods-SmartFarm.debug.xcconfig */,
				F1D930A8C59C0E53203C9C6C /* Pods-SmartFarm.release.xcconfig */,
				7F7238319802500F7B2FA876 /* Pods-SmartFarmTests.debug.xcconfig */,
				E3F2E5D0FA38C4A563EE8338 /* Pods-SmartFarmTests.release.xcconfig */,
				308609B5FBE92A29769AD2D4 /* Pods-SmartFarmUITests.debug.xcconfig */,
				7CA8715B4B2F3000C2753C56 /* Pods-SmartFarmUITests.release.xcconfig */,
			);
			name = Pods;
			sourceTree = "<group>";
		};
		FC46B7BFAF8CFA0AD1E932DF /* Frameworks */ = {
			isa = PBXGroup;
			children = (
				FE31C6D90CA96F5DC57C77DB /* Pods_SmartFarm.framework */,
				AFA23B32482A51141E09B127 /* Pods_SmartFarmTests.framework */,
				3BFCF6824CA4BA6C905FB717 /* Pods_SmartFarmUITests.framework */,
			);
			name = Frameworks;
			sourceTree = "<group>";
		};
/* End PBXGroup section */

/* Begin PBXNativeTarget section */
		26AEFFCB21E77C9B009ED8CA /* SmartFarm */ = {
			isa = PBXNativeTarget;
			buildConfigurationList = 26AEFFF421E77C9D009ED8CA /* Build configuration list for PBXNativeTarget "SmartFarm" */;
			buildPhases = (
				E7AF277B602008E56644F584 /* [CP] Check Pods Manifest.lock */,
				26AEFFC821E77C9B009ED8CA /* Sources */,
				26AEFFC921E77C9B009ED8CA /* Frameworks */,
				26AEFFCA21E77C9B009ED8CA /* Resources */,
				ADD06601A353C242BF1876A0 /* [CP] Embed Pods Frameworks */,
				26AE000521E78B77009ED8CA /* SwiftLint */,
			);
			buildRules = (
			);
			dependencies = (
			);
			name = SmartFarm;
			productName = SmartFarm;
			productReference = 26AEFFCC21E77C9B009ED8CA /* SmartFarm.app */;
			productType = "com.apple.product-type.application";
		};
		26AEFFDF21E77C9D009ED8CA /* SmartFarmTests */ = {
			isa = PBXNativeTarget;
			buildConfigurationList = 26AEFFF721E77C9D009ED8CA /* Build configuration list for PBXNativeTarget "SmartFarmTests" */;
			buildPhases = (
				77B746B62EC41756DE698477 /* [CP] Check Pods Manifest.lock */,
				26AEFFDC21E77C9D009ED8CA /* Sources */,
				26AEFFDD21E77C9D009ED8CA /* Frameworks */,
				26AEFFDE21E77C9D009ED8CA /* Resources */,
			);
			buildRules = (
			);
			dependencies = (
				26AEFFE221E77C9D009ED8CA /* PBXTargetDependency */,
			);
			name = SmartFarmTests;
			productName = SmartFarmTests;
			productReference = 26AEFFE021E77C9D009ED8CA /* SmartFarmTests.xctest */;
			productType = "com.apple.product-type.bundle.unit-test";
		};
		26AEFFEA21E77C9D009ED8CA /* SmartFarmUITests */ = {
			isa = PBXNativeTarget;
			buildConfigurationList = 26AEFFFA21E77C9D009ED8CA /* Build configuration list for PBXNativeTarget "SmartFarmUITests" */;
			buildPhases = (
				8BE7F8E2660B49334305CDD4 /* [CP] Check Pods Manifest.lock */,
				26AEFFE721E77C9D009ED8CA /* Sources */,
				26AEFFE821E77C9D009ED8CA /* Frameworks */,
				26AEFFE921E77C9D009ED8CA /* Resources */,
			);
			buildRules = (
			);
			dependencies = (
				26AEFFED21E77C9D009ED8CA /* PBXTargetDependency */,
			);
			name = SmartFarmUITests;
			productName = SmartFarmUITests;
			productReference = 26AEFFEB21E77C9D009ED8CA /* SmartFarmUITests.xctest */;
			productType = "com.apple.product-type.bundle.ui-testing";
		};
/* End PBXNativeTarget section */

/* Begin PBXProject section */
		26AEFFC421E77C9B009ED8CA /* Project object */ = {
			isa = PBXProject;
			attributes = {
				LastSwiftUpdateCheck = 1000;
				LastUpgradeCheck = 1000;
				ORGANIZATIONNAME = "Yani Buchkov";
				TargetAttributes = {
					26AEFFCB21E77C9B009ED8CA = {
						CreatedOnToolsVersion = 10.0;
					};
					26AEFFDF21E77C9D009ED8CA = {
						CreatedOnToolsVersion = 10.0;
						TestTargetID = 26AEFFCB21E77C9B009ED8CA;
					};
					26AEFFEA21E77C9D009ED8CA = {
						CreatedOnToolsVersion = 10.0;
						TestTargetID = 26AEFFCB21E77C9B009ED8CA;
					};
				};
			};
			buildConfigurationList = 26AEFFC721E77C9B009ED8CA /* Build configuration list for PBXProject "SmartFarm" */;
			compatibilityVersion = "Xcode 9.3";
			developmentRegion = en;
			hasScannedForEncodings = 0;
			knownRegions = (
				en,
				Base,
			);
			mainGroup = 26AEFFC321E77C9B009ED8CA;
			productRefGroup = 26AEFFCD21E77C9B009ED8CA /* Products */;
			projectDirPath = "";
			projectRoot = "";
			targets = (
				26AEFFCB21E77C9B009ED8CA /* SmartFarm */,
				26AEFFDF21E77C9D009ED8CA /* SmartFarmTests */,
				26AEFFEA21E77C9D009ED8CA /* SmartFarmUITests */,
			);
		};
/* End PBXProject section */

/* Begin PBXResourcesBuildPhase section */
		26AEFFCA21E77C9B009ED8CA /* Resources */ = {
			isa = PBXResourcesBuildPhase;
			buildActionMask = 2147483647;
			files = (
				26AEFFDA21E77C9D009ED8CA /* LaunchScreen.storyboard in Resources */,
				26AEFFD721E77C9D009ED8CA /* Assets.xcassets in Resources */,
				26AE000721E7A6B6009ED8CA /* README.md in Resources */,
				26AEFFD521E77C9B009ED8CA /* Main.storyboard in Resources */,
			);
			runOnlyForDeploymentPostprocessing = 0;
		};
		26AEFFDE21E77C9D009ED8CA /* Resources */ = {
			isa = PBXResourcesBuildPhase;
			buildActionMask = 2147483647;
			files = (
			);
			runOnlyForDeploymentPostprocessing = 0;
		};
		26AEFFE921E77C9D009ED8CA /* Resources */ = {
			isa = PBXResourcesBuildPhase;
			buildActionMask = 2147483647;
			files = (
			);
			runOnlyForDeploymentPostprocessing = 0;
		};
/* End PBXResourcesBuildPhase section */

/* Begin PBXShellScriptBuildPhase section */
		26AE000521E78B77009ED8CA /* SwiftLint */ = {
			isa = PBXShellScriptBuildPhase;
			buildActionMask = 2147483647;
			files = (
			);
			inputFileListPaths = (
			);
			inputPaths = (
			);
			name = SwiftLint;
			outputFileListPaths = (
			);
			outputPaths = (
			);
			runOnlyForDeploymentPostprocessing = 0;
			shellPath = /bin/sh;
			shellScript = "# Type a script or drag a script file from your workspace to insert its path.\nif which swiftlint >/dev/null; then\nswiftlint\nelse\necho \"warning: SwiftLint not installed, download from https://github.com/realm/SwiftLint\"\nfi\n";
		};
		77B746B62EC41756DE698477 /* [CP] Check Pods Manifest.lock */ = {
			isa = PBXShellScriptBuildPhase;
			buildActionMask = 2147483647;
			files = (
			);
			inputFileListPaths = (
			);
			inputPaths = (
				"${PODS_PODFILE_DIR_PATH}/Podfile.lock",
				"${PODS_ROOT}/Manifest.lock",
			);
			name = "[CP] Check Pods Manifest.lock";
			outputFileListPaths = (
			);
			outputPaths = (
				"$(DERIVED_FILE_DIR)/Pods-SmartFarmTests-checkManifestLockResult.txt",
			);
			runOnlyForDeploymentPostprocessing = 0;
			shellPath = /bin/sh;
			shellScript = "diff \"${PODS_PODFILE_DIR_PATH}/Podfile.lock\" \"${PODS_ROOT}/Manifest.lock\" > /dev/null\nif [ $? != 0 ] ; then\n    # print error to STDERR\n    echo \"error: The sandbox is not in sync with the Podfile.lock. Run 'pod install' or update your CocoaPods installation.\" >&2\n    exit 1\nfi\n# This output is used by Xcode 'outputs' to avoid re-running this script phase.\necho \"SUCCESS\" > \"${SCRIPT_OUTPUT_FILE_0}\"\n";
			showEnvVarsInLog = 0;
		};
		8BE7F8E2660B49334305CDD4 /* [CP] Check Pods Manifest.lock */ = {
			isa = PBXShellScriptBuildPhase;
			buildActionMask = 2147483647;
			files = (
			);
			inputFileListPaths = (
			);
			inputPaths = (
				"${PODS_PODFILE_DIR_PATH}/Podfile.lock",
				"${PODS_ROOT}/Manifest.lock",
			);
			name = "[CP] Check Pods Manifest.lock";
			outputFileListPaths = (
			);
			outputPaths = (
				"$(DERIVED_FILE_DIR)/Pods-SmartFarmUITests-checkManifestLockResult.txt",
			);
			runOnlyForDeploymentPostprocessing = 0;
			shellPath = /bin/sh;
			shellScript = "diff \"${PODS_PODFILE_DIR_PATH}/Podfile.lock\" \"${PODS_ROOT}/Manifest.lock\" > /dev/null\nif [ $? != 0 ] ; then\n    # print error to STDERR\n    echo \"error: The sandbox is not in sync with the Podfile.lock. Run 'pod install' or update your CocoaPods installation.\" >&2\n    exit 1\nfi\n# This output is used by Xcode 'outputs' to avoid re-running this script phase.\necho \"SUCCESS\" > \"${SCRIPT_OUTPUT_FILE_0}\"\n";
			showEnvVarsInLog = 0;
		};
		ADD06601A353C242BF1876A0 /* [CP] Embed Pods Frameworks */ = {
			isa = PBXShellScriptBuildPhase;
			buildActionMask = 2147483647;
			files = (
			);
			inputFileListPaths = (
			);
			inputPaths = (
				"${SRCROOT}/Pods/Target Support Files/Pods-SmartFarm/Pods-SmartFarm-frameworks.sh",
				"${BUILT_PRODUCTS_DIR}/SideMenu/SideMenu.framework",
			);
			name = "[CP] Embed Pods Frameworks";
			outputFileListPaths = (
			);
			outputPaths = (
				"${TARGET_BUILD_DIR}/${FRAMEWORKS_FOLDER_PATH}/SideMenu.framework",
			);
			runOnlyForDeploymentPostprocessing = 0;
			shellPath = /bin/sh;
			shellScript = "\"${SRCROOT}/Pods/Target Support Files/Pods-SmartFarm/Pods-SmartFarm-frameworks.sh\"\n";
			showEnvVarsInLog = 0;
		};
		E7AF277B602008E56644F584 /* [CP] Check Pods Manifest.lock */ = {
			isa = PBXShellScriptBuildPhase;
			buildActionMask = 2147483647;
			files = (
			);
			inputFileListPaths = (
			);
			inputPaths = (
				"${PODS_PODFILE_DIR_PATH}/Podfile.lock",
				"${PODS_ROOT}/Manifest.lock",
			);
			name = "[CP] Check Pods Manifest.lock";
			outputFileListPaths = (
			);
			outputPaths = (
				"$(DERIVED_FILE_DIR)/Pods-SmartFarm-checkManifestLockResult.txt",
			);
			runOnlyForDeploymentPostprocessing = 0;
			shellPath = /bin/sh;
			shellScript = "diff \"${PODS_PODFILE_DIR_PATH}/Podfile.lock\" \"${PODS_ROOT}/Manifest.lock\" > /dev/null\nif [ $? != 0 ] ; then\n    # print error to STDERR\n    echo \"error: The sandbox is not in sync with the Podfile.lock. Run 'pod install' or update your CocoaPods installation.\" >&2\n    exit 1\nfi\n# This output is used by Xcode 'outputs' to avoid re-running this script phase.\necho \"SUCCESS\" > \"${SCRIPT_OUTPUT_FILE_0}\"\n";
			showEnvVarsInLog = 0;
		};
/* End PBXShellScriptBuildPhase section */

/* Begin PBXSourcesBuildPhase section */
		26AEFFC821E77C9B009ED8CA /* Sources */ = {
			isa = PBXSourcesBuildPhase;
			buildActionMask = 2147483647;
			files = (
				26AE000B21E7AAB3009ED8CA /* CowsViewWorker.swift in Sources */,
				26AE000F21E7AAD0009ED8CA /* CowsViewRouter.swift in Sources */,
				26AE001221E7ABEB009ED8CA /* CowsViewConfiguration.swift in Sources */,
				26AE000421E78025009ED8CA /* CowsViewController.swift in Sources */,
				26AE000921E7AAA9009ED8CA /* CowsViewPresenter.swift in Sources */,
				26AEFFD021E77C9B009ED8CA /* AppDelegate.swift in Sources */,
				26AE000D21E7AABE009ED8CA /* CowsViewInteractor.swift in Sources */,
			);
			runOnlyForDeploymentPostprocessing = 0;
		};
		26AEFFDC21E77C9D009ED8CA /* Sources */ = {
			isa = PBXSourcesBuildPhase;
			buildActionMask = 2147483647;
			files = (
				26AEFFE521E77C9D009ED8CA /* SmartFarmTests.swift in Sources */,
			);
			runOnlyForDeploymentPostprocessing = 0;
		};
		26AEFFE721E77C9D009ED8CA /* Sources */ = {
			isa = PBXSourcesBuildPhase;
			buildActionMask = 2147483647;
			files = (
				26AEFFF021E77C9D009ED8CA /* SmartFarmUITests.swift in Sources */,
			);
			runOnlyForDeploymentPostprocessing = 0;
		};
/* End PBXSourcesBuildPhase section */

/* Begin PBXTargetDependency section */
		26AEFFE221E77C9D009ED8CA /* PBXTargetDependency */ = {
			isa = PBXTargetDependency;
			target = 26AEFFCB21E77C9B009ED8CA /* SmartFarm */;
			targetProxy = 26AEFFE121E77C9D009ED8CA /* PBXContainerItemProxy */;
		};
		26AEFFED21E77C9D009ED8CA /* PBXTargetDependency */ = {
			isa = PBXTargetDependency;
			target = 26AEFFCB21E77C9B009ED8CA /* SmartFarm */;
			targetProxy = 26AEFFEC21E77C9D009ED8CA /* PBXContainerItemProxy */;
		};
/* End PBXTargetDependency section */

/* Begin PBXVariantGroup section */
		26AEFFD321E77C9B009ED8CA /* Main.storyboard */ = {
			isa = PBXVariantGroup;
			children = (
				26AEFFD421E77C9B009ED8CA /* Base */,
			);
			name = Main.storyboard;
			sourceTree = "<group>";
		};
		26AEFFD821E77C9D009ED8CA /* LaunchScreen.storyboard */ = {
			isa = PBXVariantGroup;
			children = (
				26AEFFD921E77C9D009ED8CA /* Base */,
			);
			name = LaunchScreen.storyboard;
			sourceTree = "<group>";
		};
/* End PBXVariantGroup section */

/* Begin XCBuildConfiguration section */
		26AEFFF221E77C9D009ED8CA /* Debug */ = {
			isa = XCBuildConfiguration;
			buildSettings = {
				ALWAYS_SEARCH_USER_PATHS = NO;
				CLANG_ANALYZER_NONNULL = YES;
				CLANG_ANALYZER_NUMBER_OBJECT_CONVERSION = YES_AGGRESSIVE;
				CLANG_CXX_LANGUAGE_STANDARD = "gnu++14";
				CLANG_CXX_LIBRARY = "libc++";
				CLANG_ENABLE_MODULES = YES;
				CLANG_ENABLE_OBJC_ARC = YES;
				CLANG_ENABLE_OBJC_WEAK = YES;
				CLANG_WARN_BLOCK_CAPTURE_AUTORELEASING = YES;
				CLANG_WARN_BOOL_CONVERSION = YES;
				CLANG_WARN_COMMA = YES;
				CLANG_WARN_CONSTANT_CONVERSION = YES;
				CLANG_WARN_DEPRECATED_OBJC_IMPLEMENTATIONS = YES;
				CLANG_WARN_DIRECT_OBJC_ISA_USAGE = YES_ERROR;
				CLANG_WARN_DOCUMENTATION_COMMENTS = YES;
				CLANG_WARN_EMPTY_BODY = YES;
				CLANG_WARN_ENUM_CONVERSION = YES;
				CLANG_WARN_INFINITE_RECURSION = YES;
				CLANG_WARN_INT_CONVERSION = YES;
				CLANG_WARN_NON_LITERAL_NULL_CONVERSION = YES;
				CLANG_WARN_OBJC_IMPLICIT_RETAIN_SELF = YES;
				CLANG_WARN_OBJC_LITERAL_CONVERSION = YES;
				CLANG_WARN_OBJC_ROOT_CLASS = YES_ERROR;
				CLANG_WARN_RANGE_LOOP_ANALYSIS = YES;
				CLANG_WARN_STRICT_PROTOTYPES = YES;
				CLANG_WARN_SUSPICIOUS_MOVE = YES;
				CLANG_WARN_UNGUARDED_AVAILABILITY = YES_AGGRESSIVE;
				CLANG_WARN_UNREACHABLE_CODE = YES;
				CLANG_WARN__DUPLICATE_METHOD_MATCH = YES;
				CODE_SIGN_IDENTITY = "iPhone Developer";
				COPY_PHASE_STRIP = NO;
				DEBUG_INFORMATION_FORMAT = dwarf;
				ENABLE_STRICT_OBJC_MSGSEND = YES;
				ENABLE_TESTABILITY = YES;
				GCC_C_LANGUAGE_STANDARD = gnu11;
				GCC_DYNAMIC_NO_PIC = NO;
				GCC_NO_COMMON_BLOCKS = YES;
				GCC_OPTIMIZATION_LEVEL = 0;
				GCC_PREPROCESSOR_DEFINITIONS = (
					"DEBUG=1",
					"$(inherited)",
				);
				GCC_WARN_64_TO_32_BIT_CONVERSION = YES;
				GCC_WARN_ABOUT_RETURN_TYPE = YES_ERROR;
				GCC_WARN_UNDECLARED_SELECTOR = YES;
				GCC_WARN_UNINITIALIZED_AUTOS = YES_AGGRESSIVE;
				GCC_WARN_UNUSED_FUNCTION = YES;
				GCC_WARN_UNUSED_VARIABLE = YES;
				IPHONEOS_DEPLOYMENT_TARGET = 12.0;
				MTL_ENABLE_DEBUG_INFO = INCLUDE_SOURCE;
				MTL_FAST_MATH = YES;
				ONLY_ACTIVE_ARCH = YES;
				SDKROOT = iphoneos;
				SWIFT_ACTIVE_COMPILATION_CONDITIONS = DEBUG;
				SWIFT_OPTIMIZATION_LEVEL = "-Onone";
			};
			name = Debug;
		};
		26AEFFF321E77C9D009ED8CA /* Release */ = {
			isa = XCBuildConfiguration;
			buildSettings = {
				ALWAYS_SEARCH_USER_PATHS = NO;
				CLANG_ANALYZER_NONNULL = YES;
				CLANG_ANALYZER_NUMBER_OBJECT_CONVERSION = YES_AGGRESSIVE;
				CLANG_CXX_LANGUAGE_STANDARD = "gnu++14";
				CLANG_CXX_LIBRARY = "libc++";
				CLANG_ENABLE_MODULES = YES;
				CLANG_ENABLE_OBJC_ARC = YES;
				CLANG_ENABLE_OBJC_WEAK = YES;
				CLANG_WARN_BLOCK_CAPTURE_AUTORELEASING = YES;
				CLANG_WARN_BOOL_CONVERSION = YES;
				CLANG_WARN_COMMA = YES;
				CLANG_WARN_CONSTANT_CONVERSION = YES;
				CLANG_WARN_DEPRECATED_OBJC_IMPLEMENTATIONS = YES;
				CLANG_WARN_DIRECT_OBJC_ISA_USAGE = YES_ERROR;
				CLANG_WARN_DOCUMENTATION_COMMENTS = YES;
				CLANG_WARN_EMPTY_BODY = YES;
				CLANG_WARN_ENUM_CONVERSION = YES;
				CLANG_WARN_INFINITE_RECURSION = YES;
				CLANG_WARN_INT_CONVERSION = YES;
				CLANG_WARN_NON_LITERAL_NULL_CONVERSION = YES;
				CLANG_WARN_OBJC_IMPLICIT_RETAIN_SELF = YES;
				CLANG_WARN_OBJC_LITERAL_CONVERSION = YES;
				CLANG_WARN_OBJC_ROOT_CLASS = YES_ERROR;
				CLANG_WARN_RANGE_LOOP_ANALYSIS = YES;
				CLANG_WARN_STRICT_PROTOTYPES = YES;
				CLANG_WARN_SUSPICIOUS_MOVE = YES;
				CLANG_WARN_UNGUARDED_AVAILABILITY = YES_AGGRESSIVE;
				CLANG_WARN_UNREACHABLE_CODE = YES;
				CLANG_WARN__DUPLICATE_METHOD_MATCH = YES;
				CODE_SIGN_IDENTITY = "iPhone Developer";
				COPY_PHASE_STRIP = NO;
				DEBUG_INFORMATION_FORMAT = "dwarf-with-dsym";
				ENABLE_NS_ASSERTIONS = NO;
				ENABLE_STRICT_OBJC_MSGSEND = YES;
				GCC_C_LANGUAGE_STANDARD = gnu11;
				GCC_NO_COMMON_BLOCKS = YES;
				GCC_WARN_64_TO_32_BIT_CONVERSION = YES;
				GCC_WARN_ABOUT_RETURN_TYPE = YES_ERROR;
				GCC_WARN_UNDECLARED_SELECTOR = YES;
				GCC_WARN_UNINITIALIZED_AUTOS = YES_AGGRESSIVE;
				GCC_WARN_UNUSED_FUNCTION = YES;
				GCC_WARN_UNUSED_VARIABLE = YES;
				IPHONEOS_DEPLOYMENT_TARGET = 12.0;
				MTL_ENABLE_DEBUG_INFO = NO;
				MTL_FAST_MATH = YES;
				SDKROOT = iphoneos;
				SWIFT_COMPILATION_MODE = wholemodule;
				SWIFT_OPTIMIZATION_LEVEL = "-O";
				VALIDATE_PRODUCT = YES;
			};
			name = Release;
		};
		26AEFFF521E77C9D009ED8CA /* Debug */ = {
			isa = XCBuildConfiguration;
			baseConfigurationReference = C1530A6E4FC0A6FB737E4119 /* Pods-SmartFarm.debug.xcconfig */;
			buildSettings = {
				ASSETCATALOG_COMPILER_APPICON_NAME = AppIcon;
				CODE_SIGN_STYLE = Automatic;
				DEVELOPMENT_TEAM = 573XWKU3VP;
				INFOPLIST_FILE = "$(SRCROOT)/SmartFarm/Internal/Info.plist";
				IPHONEOS_DEPLOYMENT_TARGET = 11.2;
				LD_RUNPATH_SEARCH_PATHS = (
					"$(inherited)",
					"@executable_path/Frameworks",
				);
				PRODUCT_BUNDLE_IDENTIFIER = YaniBF.SmartFarm;
				PRODUCT_NAME = "$(TARGET_NAME)";
				SWIFT_VERSION = 4.2;
				TARGETED_DEVICE_FAMILY = 1;
			};
			name = Debug;
		};
		26AEFFF621E77C9D009ED8CA /* Release */ = {
			isa = XCBuildConfiguration;
			baseConfigurationReference = F1D930A8C59C0E53203C9C6C /* Pods-SmartFarm.release.xcconfig */;
			buildSettings = {
				ASSETCATALOG_COMPILER_APPICON_NAME = AppIcon;
				CODE_SIGN_STYLE = Automatic;
				DEVELOPMENT_TEAM = 573XWKU3VP;
				INFOPLIST_FILE = "$(SRCROOT)/SmartFarm/Internal/Info.plist";
				IPHONEOS_DEPLOYMENT_TARGET = 11.2;
				LD_RUNPATH_SEARCH_PATHS = (
					"$(inherited)",
					"@executable_path/Frameworks",
				);
				PRODUCT_BUNDLE_IDENTIFIER = YaniBF.SmartFarm;
				PRODUCT_NAME = "$(TARGET_NAME)";
				SWIFT_VERSION = 4.2;
				TARGETED_DEVICE_FAMILY = 1;
			};
			name = Release;
		};
		26AEFFF821E77C9D009ED8CA /* Debug */ = {
			isa = XCBuildConfiguration;
			baseConfigurationReference = 7F7238319802500F7B2FA876 /* Pods-SmartFarmTests.debug.xcconfig */;
			buildSettings = {
				ALWAYS_EMBED_SWIFT_STANDARD_LIBRARIES = YES;
				BUNDLE_LOADER = "$(TEST_HOST)";
				CODE_SIGN_STYLE = Automatic;
				DEVELOPMENT_TEAM = 573XWKU3VP;
				INFOPLIST_FILE = SmartFarmTests/Info.plist;
				LD_RUNPATH_SEARCH_PATHS = (
					"$(inherited)",
					"@executable_path/Frameworks",
					"@loader_path/Frameworks",
				);
				PRODUCT_BUNDLE_IDENTIFIER = YaniBF.SmartFarmTests;
				PRODUCT_NAME = "$(TARGET_NAME)";
				SWIFT_VERSION = 4.2;
				TARGETED_DEVICE_FAMILY = "1,2";
				TEST_HOST = "$(BUILT_PRODUCTS_DIR)/SmartFarm.app/SmartFarm";
			};
			name = Debug;
		};
		26AEFFF921E77C9D009ED8CA /* Release */ = {
			isa = XCBuildConfiguration;
			baseConfigurationReference = E3F2E5D0FA38C4A563EE8338 /* Pods-SmartFarmTests.release.xcconfig */;
			buildSettings = {
				ALWAYS_EMBED_SWIFT_STANDARD_LIBRARIES = YES;
				BUNDLE_LOADER = "$(TEST_HOST)";
				CODE_SIGN_STYLE = Automatic;
				DEVELOPMENT_TEAM = 573XWKU3VP;
				INFOPLIST_FILE = SmartFarmTests/Info.plist;
				LD_RUNPATH_SEARCH_PATHS = (
					"$(inherited)",
					"@executable_path/Frameworks",
					"@loader_path/Frameworks",
				);
				PRODUCT_BUNDLE_IDENTIFIER = YaniBF.SmartFarmTests;
				PRODUCT_NAME = "$(TARGET_NAME)";
				SWIFT_VERSION = 4.2;
				TARGETED_DEVICE_FAMILY = "1,2";
				TEST_HOST = "$(BUILT_PRODUCTS_DIR)/SmartFarm.app/SmartFarm";
			};
			name = Release;
		};
		26AEFFFB21E77C9D009ED8CA /* Debug */ = {
			isa = XCBuildConfiguration;
			baseConfigurationReference = 308609B5FBE92A29769AD2D4 /* Pods-SmartFarmUITests.debug.xcconfig */;
			buildSettings = {
				ALWAYS_EMBED_SWIFT_STANDARD_LIBRARIES = YES;
				CODE_SIGN_STYLE = Automatic;
				DEVELOPMENT_TEAM = 573XWKU3VP;
				INFOPLIST_FILE = SmartFarmUITests/Info.plist;
				LD_RUNPATH_SEARCH_PATHS = (
					"$(inherited)",
					"@executable_path/Frameworks",
					"@loader_path/Frameworks",
				);
				PRODUCT_BUNDLE_IDENTIFIER = YaniBF.SmartFarmUITests;
				PRODUCT_NAME = "$(TARGET_NAME)";
				SWIFT_VERSION = 4.2;
				TARGETED_DEVICE_FAMILY = "1,2";
				TEST_TARGET_NAME = SmartFarm;
			};
			name = Debug;
		};
		26AEFFFC21E77C9D009ED8CA /* Release */ = {
			isa = XCBuildConfiguration;
			baseConfigurationReference = 7CA8715B4B2F3000C2753C56 /* Pods-SmartFarmUITests.release.xcconfig */;
			buildSettings = {
				ALWAYS_EMBED_SWIFT_STANDARD_LIBRARIES = YES;
				CODE_SIGN_STYLE = Automatic;
				DEVELOPMENT_TEAM = 573XWKU3VP;
				INFOPLIST_FILE = SmartFarmUITests/Info.plist;
				LD_RUNPATH_SEARCH_PATHS = (
					"$(inherited)",
					"@executable_path/Frameworks",
					"@loader_path/Frameworks",
				);
				PRODUCT_BUNDLE_IDENTIFIER = YaniBF.SmartFarmUITests;
				PRODUCT_NAME = "$(TARGET_NAME)";
				SWIFT_VERSION = 4.2;
				TARGETED_DEVICE_FAMILY = "1,2";
				TEST_TARGET_NAME = SmartFarm;
			};
			name = Release;
		};
/* End XCBuildConfiguration section */

/* Begin XCConfigurationList section */
		26AEFFC721E77C9B009ED8CA /* Build configuration list for PBXProject "SmartFarm" */ = {
			isa = XCConfigurationList;
			buildConfigurations = (
				26AEFFF221E77C9D009ED8CA /* Debug */,
				26AEFFF321E77C9D009ED8CA /* Release */,
			);
			defaultConfigurationIsVisible = 0;
			defaultConfigurationName = Release;
		};
		26AEFFF421E77C9D009ED8CA /* Build configuration list for PBXNativeTarget "SmartFarm" */ = {
			isa = XCConfigurationList;
			buildConfigurations = (
				26AEFFF521E77C9D009ED8CA /* Debug */,
				26AEFFF621E77C9D009ED8CA /* Release */,
			);
			defaultConfigurationIsVisible = 0;
			defaultConfigurationName = Release;
		};
		26AEFFF721E77C9D009ED8CA /* Build configuration list for PBXNativeTarget "SmartFarmTests" */ = {
			isa = XCConfigurationList;
			buildConfigurations = (
				26AEFFF821E77C9D009ED8CA /* Debug */,
				26AEFFF921E77C9D009ED8CA /* Release */,
			);
			defaultConfigurationIsVisible = 0;
			defaultConfigurationName = Release;
		};
		26AEFFFA21E77C9D009ED8CA /* Build configuration list for PBXNativeTarget "SmartFarmUITests" */ = {
			isa = XCConfigurationList;
			buildConfigurations = (
				26AEFFFB21E77C9D009ED8CA /* Debug */,
				26AEFFFC21E77C9D009ED8CA /* Release */,
			);
			defaultConfigurationIsVisible = 0;
			defaultConfigurationName = Release;
		};
/* End XCConfigurationList section */
	};
	rootObject = 26AEFFC421E77C9B009ED8CA /* Project object */;
}
